
Microsoft Visual Studio Solution File, Format Version 12.00
# Visual Studio Version 17
VisualStudioVersion = 17.1.32210.238
MinimumVisualStudioVersion = 10.0.40219.1
Project("{FAE04EC0-301F-11D3-BF4B-00C04F79EFBC}") = "DDSpells", "DDSpells.csproj", "{01E7A634-1533-4332-93D4-9CB8DF39EAC9}"
EndProject
Global
	GlobalSection(SolutionConfigurationPlatforms) = preSolution
		Debug|Any CPU = Debug|Any CPU
		Release|Any CPU = Release|Any CPU
	EndGlobalSection
	GlobalSection(ProjectConfigurationPlatforms) = postSolution
		{01E7A634-1533-4332-93D4-9CB8DF39EAC9}.Debug|Any CPU.ActiveCfg = Debug|Any CPU
		{01E7A634-1533-4332-93D4-9CB8DF39EAC9}.Debug|Any CPU.Build.0 = Debug|Any CPU
		{01E7A634-1533-4332-93D4-9CB8DF39EAC9}.Release|Any CPU.ActiveCfg = Release|Any CPU
		{01E7A634-1533-4332-93D4-9CB8DF39EAC9}.Release|Any CPU.Build.0 = Release|Any CPU
	EndGlobalSection
	GlobalSection(SolutionProperties) = preSolution
		HideSolutionNode = FALSE
	EndGlobalSection
	GlobalSection(ExtensibilityGlobals) = postSolution
		SolutionGuid = {8166709D-1FD6-422A-A7B3-9E48E2EDDE8F}
	EndGlobalSection
EndGlobal
